
Microsoft Visual Studio Solution File, Format Version 12.00
# Visual Studio Version 17
VisualStudioVersion = 17.5.002.0
MinimumVisualStudioVersion = 10.0.40219.1
Project("{9A19103F-16F7-4668-BE54-9A1E7A4F7556}") = "sedlyf", "sedlyf\sedlyf.csproj", "{747BF53B-CED3-49DF-B787-4BFAC833D07A}"
EndProject
Global
	GlobalSection(SolutionConfigurationPlatforms) = preSolution
		Debug|Any CPU = Debug|Any CPU
		Release|Any CPU = Release|Any CPU
	EndGlobalSection
	GlobalSection(ProjectConfigurationPlatforms) = postSolution
		{747BF53B-CED3-49DF-B787-4BFAC833D07A}.Debug|Any CPU.ActiveCfg = Debug|Any CPU
		{747BF53B-CED3-49DF-B787-4BFAC833D07A}.Debug|Any CPU.Build.0 = Debug|Any CPU
		{747BF53B-CED3-49DF-B787-4BFAC833D07A}.Release|Any CPU.ActiveCfg = Release|Any CPU
		{747BF53B-CED3-49DF-B787-4BFAC833D07A}.Release|Any CPU.Build.0 = Release|Any CPU
	EndGlobalSection
	GlobalSection(SolutionProperties) = preSolution
		HideSolutionNode = FALSE
	EndGlobalSection
	GlobalSection(ExtensibilityGlobals) = postSolution
		SolutionGuid = {AD58B348-6C34-4F6A-8CF3-182C9AA19A9B}
	EndGlobalSection
EndGlobal
